
Microsoft Visual Studio Solution File, Format Version 12.00
# Visual Studio 2012
Project("{E24C65DC-7377-472B-9ABA-BC803B73C61A}") = "example_datauploader", ".", "{09A13E62-501D-496F-A94A-554203DA717A}"
	ProjectSection(WebsiteProperties) = preProject
		TargetFrameworkMoniker = ".NETFramework,Version%3Dv4.0"
		Debug.AspNetCompiler.VirtualPath = "/example_datauploader"
		Debug.AspNetCompiler.PhysicalPath = "..\example_datauploader\"
		Debug.AspNetCompiler.TargetPath = "PrecompiledWeb\example_datauploader\"
		Debug.AspNetCompiler.Updateable = "true"
		Debug.AspNetCompiler.ForceOverwrite = "true"
		Debug.AspNetCompiler.FixedNames = "false"
		Debug.AspNetCompiler.Debug = "True"
		Release.AspNetCompiler.VirtualPath = "/example_datauploader"
		Release.AspNetCompiler.PhysicalPath = "..\example_datauploader\"
		Release.AspNetCompiler.TargetPath = "PrecompiledWeb\example_datauploader\"
		Release.AspNetCompiler.Updateable = "true"
		Release.AspNetCompiler.ForceOverwrite = "true"
		Release.AspNetCompiler.FixedNames = "false"
		Release.AspNetCompiler.Debug = "False"
		VWDPort = "59611"
	EndProjectSection
EndProject
Global
	GlobalSection(SolutionConfigurationPlatforms) = preSolution
		Debug|Any CPU = Debug|Any CPU
	EndGlobalSection
	GlobalSection(ProjectConfigurationPlatforms) = postSolution
		{09A13E62-501D-496F-A94A-554203DA717A}.Debug|Any CPU.ActiveCfg = Debug|Any CPU
		{09A13E62-501D-496F-A94A-554203DA717A}.Debug|Any CPU.Build.0 = Debug|Any CPU
	EndGlobalSection
	GlobalSection(SolutionProperties) = preSolution
		HideSolutionNode = FALSE
	EndGlobalSection
EndGlobal
